
Microsoft Visual Studio Solution File, Format Version 12.00
# Visual Studio Version 17
VisualStudioVersion = 17.7.34009.444
MinimumVisualStudioVersion = 10.0.40219.1
Project("{2150E333-8FDC-42A3-9474-1A3956D46DE8}") = "src", "src", "{16ADFAB2-2234-42E2-BDDE-AB8C5A64F1B1}"
EndProject
Project("{9A19103F-16F7-4668-BE54-9A1E7A4F7556}") = "Luden.Application", "src\Luden.Application\Luden.Application.csproj", "{5EE1297A-572B-44B6-B687-ABBC1E3410B6}"
EndProject
Project("{9A19103F-16F7-4668-BE54-9A1E7A4F7556}") = "Luden.Domain", "src\Luden.Domain\Luden.Domain.csproj", "{2F11D43E-8741-4253-ABFA-B4654D1D1830}"
EndProject
Project("{9A19103F-16F7-4668-BE54-9A1E7A4F7556}") = "Luden.Infrastructure", "src\Luden.Infrastructure\Luden.Infrastructure.csproj", "{4CB67815-C809-460E-B440-92B858C3F2F5}"
EndProject
Project("{54A90642-561A-4BB1-A94E-469ADEE60C69}") = "Luden.ClientApp", "src\Luden.ClientApp\Luden.ClientApp.esproj", "{DC3133A2-A237-44E1-BD2E-0BC884C3C63E}"
EndProject
Project("{9A19103F-16F7-4668-BE54-9A1E7A4F7556}") = "Luden.WebApi", "src\Luden.WebApi\Luden.WebApi.csproj", "{0BD7F5AC-361F-4502-8A13-66A0C40DAC61}"
EndProject
Global
	GlobalSection(SolutionConfigurationPlatforms) = preSolution
		Debug|Any CPU = Debug|Any CPU
		Release|Any CPU = Release|Any CPU
	EndGlobalSection
	GlobalSection(ProjectConfigurationPlatforms) = postSolution
		{5EE1297A-572B-44B6-B687-ABBC1E3410B6}.Debug|Any CPU.ActiveCfg = Debug|Any CPU
		{5EE1297A-572B-44B6-B687-ABBC1E3410B6}.Debug|Any CPU.Build.0 = Debug|Any CPU
		{5EE1297A-572B-44B6-B687-ABBC1E3410B6}.Release|Any CPU.ActiveCfg = Release|Any CPU
		{5EE1297A-572B-44B6-B687-ABBC1E3410B6}.Release|Any CPU.Build.0 = Release|Any CPU
		{2F11D43E-8741-4253-ABFA-B4654D1D1830}.Debug|Any CPU.ActiveCfg = Debug|Any CPU
		{2F11D43E-8741-4253-ABFA-B4654D1D1830}.Debug|Any CPU.Build.0 = Debug|Any CPU
		{2F11D43E-8741-4253-ABFA-B4654D1D1830}.Release|Any CPU.ActiveCfg = Release|Any CPU
		{2F11D43E-8741-4253-ABFA-B4654D1D1830}.Release|Any CPU.Build.0 = Release|Any CPU
		{4CB67815-C809-460E-B440-92B858C3F2F5}.Debug|Any CPU.ActiveCfg = Debug|Any CPU
		{4CB67815-C809-460E-B440-92B858C3F2F5}.Debug|Any CPU.Build.0 = Debug|Any CPU
		{4CB67815-C809-460E-B440-92B858C3F2F5}.Release|Any CPU.ActiveCfg = Release|Any CPU
		{4CB67815-C809-460E-B440-92B858C3F2F5}.Release|Any CPU.Build.0 = Release|Any CPU
		{DC3133A2-A237-44E1-BD2E-0BC884C3C63E}.Debug|Any CPU.ActiveCfg = Debug|Any CPU
		{DC3133A2-A237-44E1-BD2E-0BC884C3C63E}.Debug|Any CPU.Build.0 = Debug|Any CPU
		{DC3133A2-A237-44E1-BD2E-0BC884C3C63E}.Debug|Any CPU.Deploy.0 = Debug|Any CPU
		{DC3133A2-A237-44E1-BD2E-0BC884C3C63E}.Release|Any CPU.ActiveCfg = Release|Any CPU
		{DC3133A2-A237-44E1-BD2E-0BC884C3C63E}.Release|Any CPU.Build.0 = Release|Any CPU
		{DC3133A2-A237-44E1-BD2E-0BC884C3C63E}.Release|Any CPU.Deploy.0 = Release|Any CPU
		{0BD7F5AC-361F-4502-8A13-66A0C40DAC61}.Debug|Any CPU.ActiveCfg = Debug|Any CPU
		{0BD7F5AC-361F-4502-8A13-66A0C40DAC61}.Debug|Any CPU.Build.0 = Debug|Any CPU
		{0BD7F5AC-361F-4502-8A13-66A0C40DAC61}.Release|Any CPU.ActiveCfg = Release|Any CPU
		{0BD7F5AC-361F-4502-8A13-66A0C40DAC61}.Release|Any CPU.Build.0 = Release|Any CPU
	EndGlobalSection
	GlobalSection(SolutionProperties) = preSolution
		HideSolutionNode = FALSE
	EndGlobalSection
	GlobalSection(NestedProjects) = preSolution
		{5EE1297A-572B-44B6-B687-ABBC1E3410B6} = {16ADFAB2-2234-42E2-BDDE-AB8C5A64F1B1}
		{2F11D43E-8741-4253-ABFA-B4654D1D1830} = {16ADFAB2-2234-42E2-BDDE-AB8C5A64F1B1}
		{4CB67815-C809-460E-B440-92B858C3F2F5} = {16ADFAB2-2234-42E2-BDDE-AB8C5A64F1B1}
		{DC3133A2-A237-44E1-BD2E-0BC884C3C63E} = {16ADFAB2-2234-42E2-BDDE-AB8C5A64F1B1}
		{0BD7F5AC-361F-4502-8A13-66A0C40DAC61} = {16ADFAB2-2234-42E2-BDDE-AB8C5A64F1B1}
	EndGlobalSection
	GlobalSection(ExtensibilityGlobals) = postSolution
		SolutionGuid = {E6EB470B-3C76-4755-8099-A3D219459944}
	EndGlobalSection
EndGlobal
